
Microsoft Visual Studio Solution File, Format Version 12.00
# Visual Studio Version 16
VisualStudioVersion = 16.0.28803.352
MinimumVisualStudioVersion = 10.0.40219.1
Project("{FAE04EC0-301F-11D3-BF4B-00C04F79EFBC}") = "UdemyApi.Core", "UdemyApi.Core\UdemyApi.Core.csproj", "{6EBD17A1-442E-4AF4-B271-7AAC88038059}"
EndProject
Global
	GlobalSection(SolutionConfigurationPlatforms) = preSolution
		Debug|Any CPU = Debug|Any CPU
		Release|Any CPU = Release|Any CPU
	EndGlobalSection
	GlobalSection(ProjectConfigurationPlatforms) = postSolution
		{6EBD17A1-442E-4AF4-B271-7AAC88038059}.Debug|Any CPU.ActiveCfg = Debug|Any CPU
		{6EBD17A1-442E-4AF4-B271-7AAC88038059}.Debug|Any CPU.Build.0 = Debug|Any CPU
		{6EBD17A1-442E-4AF4-B271-7AAC88038059}.Release|Any CPU.ActiveCfg = Release|Any CPU
		{6EBD17A1-442E-4AF4-B271-7AAC88038059}.Release|Any CPU.Build.0 = Release|Any CPU
	EndGlobalSection
	GlobalSection(SolutionProperties) = preSolution
		HideSolutionNode = FALSE
	EndGlobalSection
	GlobalSection(ExtensibilityGlobals) = postSolution
		SolutionGuid = {FD590AFC-BF41-472C-B126-3EE48B3A61C5}
	EndGlobalSection
EndGlobal
