
Microsoft Visual Studio Solution File, Format Version 12.00
# Visual Studio Version 16
VisualStudioVersion = 16.0.28803.352
MinimumVisualStudioVersion = 10.0.40219.1
Project("{9A19103F-16F7-4668-BE54-9A1E7A4F7556}") = "UdemyApi.Core", "UdemyApi.Core\UdemyApi.Core.csproj", "{6EBD17A1-442E-4AF4-B271-7AAC88038059}"
EndProject
Project("{FAE04EC0-301F-11D3-BF4B-00C04F79EFBC}") = "UdemyApi.UI.Console", "UdemyApi.UI.Console\UdemyApi.UI.Console.csproj", "{DAEC408D-3465-4BED-92E6-8D6F33BF3BA1}"
EndProject
Project("{FAE04EC0-301F-11D3-BF4B-00C04F79EFBC}") = "UdemyApi.Model", "UdemyApi.Model\UdemyApi.Model.csproj", "{88A61800-DCB0-4CC5-BC87-0BA3EAA13604}"
EndProject
Global
	GlobalSection(SolutionConfigurationPlatforms) = preSolution
		Debug|Any CPU = Debug|Any CPU
		Release|Any CPU = Release|Any CPU
	EndGlobalSection
	GlobalSection(ProjectConfigurationPlatforms) = postSolution
		{6EBD17A1-442E-4AF4-B271-7AAC88038059}.Debug|Any CPU.ActiveCfg = Debug|Any CPU
		{6EBD17A1-442E-4AF4-B271-7AAC88038059}.Debug|Any CPU.Build.0 = Debug|Any CPU
		{6EBD17A1-442E-4AF4-B271-7AAC88038059}.Release|Any CPU.ActiveCfg = Release|Any CPU
		{6EBD17A1-442E-4AF4-B271-7AAC88038059}.Release|Any CPU.Build.0 = Release|Any CPU
		{DAEC408D-3465-4BED-92E6-8D6F33BF3BA1}.Debug|Any CPU.ActiveCfg = Debug|Any CPU
		{DAEC408D-3465-4BED-92E6-8D6F33BF3BA1}.Debug|Any CPU.Build.0 = Debug|Any CPU
		{DAEC408D-3465-4BED-92E6-8D6F33BF3BA1}.Release|Any CPU.ActiveCfg = Release|Any CPU
		{DAEC408D-3465-4BED-92E6-8D6F33BF3BA1}.Release|Any CPU.Build.0 = Release|Any CPU
		{88A61800-DCB0-4CC5-BC87-0BA3EAA13604}.Debug|Any CPU.ActiveCfg = Debug|Any CPU
		{88A61800-DCB0-4CC5-BC87-0BA3EAA13604}.Debug|Any CPU.Build.0 = Debug|Any CPU
		{88A61800-DCB0-4CC5-BC87-0BA3EAA13604}.Release|Any CPU.ActiveCfg = Release|Any CPU
		{88A61800-DCB0-4CC5-BC87-0BA3EAA13604}.Release|Any CPU.Build.0 = Release|Any CPU
	EndGlobalSection
	GlobalSection(SolutionProperties) = preSolution
		HideSolutionNode = FALSE
	EndGlobalSection
	GlobalSection(ExtensibilityGlobals) = postSolution
		SolutionGuid = {FD590AFC-BF41-472C-B126-3EE48B3A61C5}
	EndGlobalSection
EndGlobal
